# Exact source archives used by fetch_deps.sh.
imgui commit=8936b58fe26e8c3da834b8f60b06511d537b4c63 sha256=a1e4443190d78976e0901039dd2207e1d59a4b5b818489232568bdb69ff79ce6
sdl2 commit=859844eae358447be8d66e6da59b6fb3df0ed778 sha256=750da7568827352ecede4cd080445cffd42f76daf794519ed84675b59f9b3c39
nlohmann-json commit=55f93686c01528224f448c19128836e7df245f72 sha256=67f4cdd9ca930c9c1e130af4a437c7fc98fab77a2846fc2d2a14b4943831f8ef
